
Microsoft Visual Studio Solution File, Format Version 12.00
# Visual Studio 15
VisualStudioVersion = 15.0.27428.2011
MinimumVisualStudioVersion = 10.0.40219.1
Project("{FAE04EC0-301F-11D3-BF4B-00C04F79EFBC}") = "BlockchainEthereum_Console", "BlockchainEthereum_Console\BlockchainEthereum_Console.csproj", "{C9A8F09D-0801-418C-A4AF-9073F94DF92B}"
EndProject
Project("{FAE04EC0-301F-11D3-BF4B-00C04F79EFBC}") = "BlockchainEthereum_WebApi", "BlockchainEthereum_WebApi\BlockchainEthereum_WebApi.csproj", "{46CA8442-17A4-48EE-825A-62B91183AE17}"
EndProject
Project("{FAE04EC0-301F-11D3-BF4B-00C04F79EFBC}") = "BlockchainEthereum_Models", "BlockchainEthereum_Models\BlockchainEthereum_Models.csproj", "{740318E1-64B3-4D5E-AAF5-3DA6E87C4F82}"
EndProject
Global
	GlobalSection(SolutionConfigurationPlatforms) = preSolution
		Debug|Any CPU = Debug|Any CPU
		Release|Any CPU = Release|Any CPU
	EndGlobalSection
	GlobalSection(ProjectConfigurationPlatforms) = postSolution
		{C9A8F09D-0801-418C-A4AF-9073F94DF92B}.Debug|Any CPU.ActiveCfg = Debug|Any CPU
		{C9A8F09D-0801-418C-A4AF-9073F94DF92B}.Debug|Any CPU.Build.0 = Debug|Any CPU
		{C9A8F09D-0801-418C-A4AF-9073F94DF92B}.Release|Any CPU.ActiveCfg = Release|Any CPU
		{C9A8F09D-0801-418C-A4AF-9073F94DF92B}.Release|Any CPU.Build.0 = Release|Any CPU
		{46CA8442-17A4-48EE-825A-62B91183AE17}.Debug|Any CPU.ActiveCfg = Debug|Any CPU
		{46CA8442-17A4-48EE-825A-62B91183AE17}.Debug|Any CPU.Build.0 = Debug|Any CPU
		{46CA8442-17A4-48EE-825A-62B91183AE17}.Release|Any CPU.ActiveCfg = Release|Any CPU
		{46CA8442-17A4-48EE-825A-62B91183AE17}.Release|Any CPU.Build.0 = Release|Any CPU
		{740318E1-64B3-4D5E-AAF5-3DA6E87C4F82}.Debug|Any CPU.ActiveCfg = Debug|Any CPU
		{740318E1-64B3-4D5E-AAF5-3DA6E87C4F82}.Debug|Any CPU.Build.0 = Debug|Any CPU
		{740318E1-64B3-4D5E-AAF5-3DA6E87C4F82}.Release|Any CPU.ActiveCfg = Release|Any CPU
		{740318E1-64B3-4D5E-AAF5-3DA6E87C4F82}.Release|Any CPU.Build.0 = Release|Any CPU
	EndGlobalSection
	GlobalSection(SolutionProperties) = preSolution
		HideSolutionNode = FALSE
	EndGlobalSection
	GlobalSection(ExtensibilityGlobals) = postSolution
		SolutionGuid = {C596EED2-D74F-4FFB-A9A6-718D81FD59A7}
	EndGlobalSection
EndGlobal
